
Microsoft Visual Studio Solution File, Format Version 12.00
# Visual Studio 15
VisualStudioVersion = 15.0.27130.2027
MinimumVisualStudioVersion = 10.0.40219.1
Project("{FAE04EC0-301F-11D3-BF4B-00C04F79EFBC}") = "ConsoleApp", "ConsoleApp\ConsoleApp.csproj", "{52AB41A5-D868-4F0C-9A34-BCF026C45CAD}"
EndProject
Project("{FAE04EC0-301F-11D3-BF4B-00C04F79EFBC}") = "ConsoleApp1", "ConsoleApp1\ConsoleApp1.csproj", "{90A087A5-EBE5-4FF3-A6FA-8C60A6932B36}"
EndProject
Global
	GlobalSection(SolutionConfigurationPlatforms) = preSolution
		Debug|Any CPU = Debug|Any CPU
		Release|Any CPU = Release|Any CPU
	EndGlobalSection
	GlobalSection(ProjectConfigurationPlatforms) = postSolution
		{52AB41A5-D868-4F0C-9A34-BCF026C45CAD}.Debug|Any CPU.ActiveCfg = Debug|Any CPU
		{52AB41A5-D868-4F0C-9A34-BCF026C45CAD}.Debug|Any CPU.Build.0 = Debug|Any CPU
		{52AB41A5-D868-4F0C-9A34-BCF026C45CAD}.Release|Any CPU.ActiveCfg = Release|Any CPU
		{52AB41A5-D868-4F0C-9A34-BCF026C45CAD}.Release|Any CPU.Build.0 = Release|Any CPU
		{90A087A5-EBE5-4FF3-A6FA-8C60A6932B36}.Debug|Any CPU.ActiveCfg = Debug|Any CPU
		{90A087A5-EBE5-4FF3-A6FA-8C60A6932B36}.Debug|Any CPU.Build.0 = Debug|Any CPU
		{90A087A5-EBE5-4FF3-A6FA-8C60A6932B36}.Release|Any CPU.ActiveCfg = Release|Any CPU
		{90A087A5-EBE5-4FF3-A6FA-8C60A6932B36}.Release|Any CPU.Build.0 = Release|Any CPU
	EndGlobalSection
	GlobalSection(SolutionProperties) = preSolution
		HideSolutionNode = FALSE
	EndGlobalSection
	GlobalSection(ExtensibilityGlobals) = postSolution
		SolutionGuid = {61001656-0B72-4748-81B3-E79C4062C4B9}
	EndGlobalSection
EndGlobal
